
Microsoft Visual Studio Solution File, Format Version 12.00
# Visual Studio 15
VisualStudioVersion = 15.0.27004.2009
MinimumVisualStudioVersion = 10.0.40219.1
Project("{FAE04EC0-301F-11D3-BF4B-00C04F79EFBC}") = "StringFunctions", "StringFunctions\StringFunctions.csproj", "{7985B263-4A3C-4D21-BD8B-D412CAD8B276}"
EndProject
Global
	GlobalSection(SolutionConfigurationPlatforms) = preSolution
		Debug|Any CPU = Debug|Any CPU
		Release|Any CPU = Release|Any CPU
	EndGlobalSection
	GlobalSection(ProjectConfigurationPlatforms) = postSolution
		{7985B263-4A3C-4D21-BD8B-D412CAD8B276}.Debug|Any CPU.ActiveCfg = Debug|Any CPU
		{7985B263-4A3C-4D21-BD8B-D412CAD8B276}.Debug|Any CPU.Build.0 = Debug|Any CPU
		{7985B263-4A3C-4D21-BD8B-D412CAD8B276}.Release|Any CPU.ActiveCfg = Release|Any CPU
		{7985B263-4A3C-4D21-BD8B-D412CAD8B276}.Release|Any CPU.Build.0 = Release|Any CPU
	EndGlobalSection
	GlobalSection(SolutionProperties) = preSolution
		HideSolutionNode = FALSE
	EndGlobalSection
	GlobalSection(ExtensibilityGlobals) = postSolution
		SolutionGuid = {765C3C02-2221-4CCF-923D-8B630ED21299}
	EndGlobalSection
EndGlobal
